
Microsoft Visual Studio Solution File, Format Version 12.00
# Visual Studio Version 17
VisualStudioVersion = 17.8.34330.188
MinimumVisualStudioVersion = 10.0.40219.1
Project("{FAE04EC0-301F-11D3-BF4B-00C04F79EFBC}") = "TAF_ReportPortal_Configuration", "Configuration\TAF_ReportPortal_Configuration.csproj", "{CC2A1B1E-1F6D-4E15-9BEB-F016506C9614}"
EndProject
Project("{FAE04EC0-301F-11D3-BF4B-00C04F79EFBC}") = "TAF_ReportPortal_Business", "Business\TAF_ReportPortal_Business.csproj", "{94C6CD9D-44C2-41CB-A18A-9ED618632377}"
EndProject
Project("{FAE04EC0-301F-11D3-BF4B-00C04F79EFBC}") = "TAF_ReportPortal_Tests", "Tests\TAF_ReportPortal_Tests.csproj", "{AB42007C-2807-4206-B728-3D07B9485F43}"
EndProject
Global
	GlobalSection(SolutionConfigurationPlatforms) = preSolution
		Debug|Any CPU = Debug|Any CPU
		Release|Any CPU = Release|Any CPU
	EndGlobalSection
	GlobalSection(ProjectConfigurationPlatforms) = postSolution
		{CC2A1B1E-1F6D-4E15-9BEB-F016506C9614}.Debug|Any CPU.ActiveCfg = Debug|Any CPU
		{CC2A1B1E-1F6D-4E15-9BEB-F016506C9614}.Debug|Any CPU.Build.0 = Debug|Any CPU
		{CC2A1B1E-1F6D-4E15-9BEB-F016506C9614}.Release|Any CPU.ActiveCfg = Release|Any CPU
		{CC2A1B1E-1F6D-4E15-9BEB-F016506C9614}.Release|Any CPU.Build.0 = Release|Any CPU
		{94C6CD9D-44C2-41CB-A18A-9ED618632377}.Debug|Any CPU.ActiveCfg = Debug|Any CPU
		{94C6CD9D-44C2-41CB-A18A-9ED618632377}.Debug|Any CPU.Build.0 = Debug|Any CPU
		{94C6CD9D-44C2-41CB-A18A-9ED618632377}.Release|Any CPU.ActiveCfg = Release|Any CPU
		{94C6CD9D-44C2-41CB-A18A-9ED618632377}.Release|Any CPU.Build.0 = Release|Any CPU
		{AB42007C-2807-4206-B728-3D07B9485F43}.Debug|Any CPU.ActiveCfg = Debug|Any CPU
		{AB42007C-2807-4206-B728-3D07B9485F43}.Debug|Any CPU.Build.0 = Debug|Any CPU
		{AB42007C-2807-4206-B728-3D07B9485F43}.Release|Any CPU.ActiveCfg = Release|Any CPU
		{AB42007C-2807-4206-B728-3D07B9485F43}.Release|Any CPU.Build.0 = Release|Any CPU
	EndGlobalSection
	GlobalSection(SolutionProperties) = preSolution
		HideSolutionNode = FALSE
	EndGlobalSection
	GlobalSection(ExtensibilityGlobals) = postSolution
		SolutionGuid = {292FA56C-4285-409A-81BD-DEAC2BB7F11C}
	EndGlobalSection
EndGlobal
